// !$*UTF8*$!
{
	archiveVersion = 1;
	classes = {
	};
	objectVersion = 56;
	objects = {

/* Begin PBXBuildFile section */
		47572C5E2C917EC500C622AB /* LoadingView.swift in Sources */ = {isa = PBXBuildFile; fileRef = 47572C5D2C917EC500C622AB /* LoadingView.swift */; };
		47572C622C9180C600C622AB /* IApiRequest.swift in Sources */ = {isa = PBXBuildFile; fileRef = 47572C612C9180C600C622AB /* IApiRequest.swift */; };
		47572C642C9180EA00C622AB /* IApiRequestBody.swift in Sources */ = {isa = PBXBuildFile; fileRef = 47572C632C9180EA00C622AB /* IApiRequestBody.swift */; };
		47572C682C9181FD00C622AB /* IAuthRequest.swift in Sources */ = {isa = PBXBuildFile; fileRef = 47572C672C9181FD00C622AB /* IAuthRequest.swift */; };
		47572C6A2C91821200C622AB /* ITokenRequest.swift in Sources */ = {isa = PBXBuildFile; fileRef = 47572C692C91821200C622AB /* ITokenRequest.swift */; };
		47572C6D2C91825600C622AB /* LoginRequestBody.swift in Sources */ = {isa = PBXBuildFile; fileRef = 47572C6C2C91825600C622AB /* LoginRequestBody.swift */; };
		47572C6F2C91827E00C622AB /* RegisterRequestBody.swift in Sources */ = {isa = PBXBuildFile; fileRef = 47572C6E2C91827E00C622AB /* RegisterRequestBody.swift */; };
		47572C722C9182EE00C622AB /* LoginRequest.swift in Sources */ = {isa = PBXBuildFile; fileRef = 47572C712C9182EE00C622AB /* LoginRequest.swift */; };
		47572C742C91865800C622AB /* RegisterRequest.swift in Sources */ = {isa = PBXBuildFile; fileRef = 47572C732C91865800C622AB /* RegisterRequest.swift */; };
		47572C772C918CA300C622AB /* HashableError.swift in Sources */ = {isa = PBXBuildFile; fileRef = 47572C762C918CA300C622AB /* HashableError.swift */; };
		47572C792C91A64400C622AB /* RegisterViewModel.swift in Sources */ = {isa = PBXBuildFile; fileRef = 47572C782C91A64400C622AB /* RegisterViewModel.swift */; };
		475A4F232C8DF9EC004AA093 /* MainView.swift in Sources */ = {isa = PBXBuildFile; fileRef = 475A4F222C8DF9EC004AA093 /* MainView.swift */; };
		475AB2A32C922D460031020A /* ISettingBody.swift in Sources */ = {isa = PBXBuildFile; fileRef = 475AB2A22C922D460031020A /* ISettingBody.swift */; };
		475AB2A52C922D880031020A /* SettingTextBody.swift in Sources */ = {isa = PBXBuildFile; fileRef = 475AB2A42C922D880031020A /* SettingTextBody.swift */; };
		475AB2A72C922F920031020A /* SettingViewBody.swift in Sources */ = {isa = PBXBuildFile; fileRef = 475AB2A62C922F920031020A /* SettingViewBody.swift */; };
		475AB2A92C92328B0031020A /* Setting.swift in Sources */ = {isa = PBXBuildFile; fileRef = 475AB2A82C92328B0031020A /* Setting.swift */; };
		475AB2AE2C9235F10031020A /* SettingView.swift in Sources */ = {isa = PBXBuildFile; fileRef = 475AB2AD2C9235F10031020A /* SettingView.swift */; };
		475BD8D92C8D0DBC00D238EF /* GroupExpenseApp.swift in Sources */ = {isa = PBXBuildFile; fileRef = 475BD8D82C8D0DBC00D238EF /* GroupExpenseApp.swift */; };
		475BD8DD2C8D0DBE00D238EF /* Assets.xcassets in Resources */ = {isa = PBXBuildFile; fileRef = 475BD8DC2C8D0DBE00D238EF /* Assets.xcassets */; };
		475BD8E02C8D0DBE00D238EF /* Preview Assets.xcassets in Resources */ = {isa = PBXBuildFile; fileRef = 475BD8DF2C8D0DBE00D238EF /* Preview Assets.xcassets */; };
		475BD8EA2C8DDB7600D238EF /* BackgroundView.swift in Sources */ = {isa = PBXBuildFile; fileRef = 475BD8E92C8DDB7600D238EF /* BackgroundView.swift */; };
		475BD8EC2C8DDDC400D238EF /* LoginView.swift in Sources */ = {isa = PBXBuildFile; fileRef = 475BD8EB2C8DDDC400D238EF /* LoginView.swift */; };
		475BD8EE2C8DDDF000D238EF /* RegisterView.swift in Sources */ = {isa = PBXBuildFile; fileRef = 475BD8ED2C8DDDF000D238EF /* RegisterView.swift */; };
		475BD8F12C8DEDE300D238EF /* KeychainHelper.swift in Sources */ = {isa = PBXBuildFile; fileRef = 475BD8F02C8DEDE200D238EF /* KeychainHelper.swift */; };
		475BD8FF2C8DEFC300D238EF /* AuthResponse.swift in Sources */ = {isa = PBXBuildFile; fileRef = 475BD8FE2C8DEFC300D238EF /* AuthResponse.swift */; };
		475CEA102C8F84610069E9F2 /* LoginViewModel.swift in Sources */ = {isa = PBXBuildFile; fileRef = 475CEA0F2C8F84610069E9F2 /* LoginViewModel.swift */; };
		475CEA132C8F85080069E9F2 /* ApiErrorResponse.swift in Sources */ = {isa = PBXBuildFile; fileRef = 475CEA122C8F85080069E9F2 /* ApiErrorResponse.swift */; };
		476411CE2C90E7A800D22B14 /* AuthenticationHelper.swift in Sources */ = {isa = PBXBuildFile; fileRef = 476411CD2C90E7A800D22B14 /* AuthenticationHelper.swift */; };
		476411D02C90EF0B00D22B14 /* RequestHelper.swift in Sources */ = {isa = PBXBuildFile; fileRef = 476411CF2C90EF0B00D22B14 /* RequestHelper.swift */; };
		476411D22C90F10700D22B14 /* IApiResponse.swift in Sources */ = {isa = PBXBuildFile; fileRef = 476411D12C90F10700D22B14 /* IApiResponse.swift */; };
		47788F3F2C8DFD130013B1FA /* CustomTextField.swift in Sources */ = {isa = PBXBuildFile; fileRef = 47788F3E2C8DFD130013B1FA /* CustomTextField.swift */; };
		47788F412C8DFDA80013B1FA /* CustomSecureField.swift in Sources */ = {isa = PBXBuildFile; fileRef = 47788F402C8DFDA80013B1FA /* CustomSecureField.swift */; };
		47788F5E2C8E107C0013B1FA /* Localizable.strings in Resources */ = {isa = PBXBuildFile; fileRef = 47788F5D2C8E107C0013B1FA /* Localizable.strings */; };
		47788F612C8E10900013B1FA /* Localizable.strings in Resources */ = {isa = PBXBuildFile; fileRef = 47788F5F2C8E10900013B1FA /* Localizable.strings */; };
		4780CF962C91E59B00851196 /* RoutingView.swift in Sources */ = {isa = PBXBuildFile; fileRef = 4780CF952C91E59B00851196 /* RoutingView.swift */; };
		4780CF9A2C91F0F800851196 /* SettingSectionView.swift in Sources */ = {isa = PBXBuildFile; fileRef = 4780CF992C91F0F800851196 /* SettingSectionView.swift */; };
		4780CF9C2C91F92F00851196 /* SectionSetting.swift in Sources */ = {isa = PBXBuildFile; fileRef = 4780CF9B2C91F92F00851196 /* SectionSetting.swift */; };
/* End PBXBuildFile section */

/* Begin PBXFileReference section */
		47572C5D2C917EC500C622AB /* LoadingView.swift */ = {isa = PBXFileReference; lastKnownFileType = sourcecode.swift; path = LoadingView.swift; sourceTree = "<group>"; };
		47572C612C9180C600C622AB /* IApiRequest.swift */ = {isa = PBXFileReference; lastKnownFileType = sourcecode.swift; path = IApiRequest.swift; sourceTree = "<group>"; };
		47572C632C9180EA00C622AB /* IApiRequestBody.swift */ = {isa = PBXFileReference; lastKnownFileType = sourcecode.swift; path = IApiRequestBody.swift; sourceTree = "<group>"; };
		47572C672C9181FD00C622AB /* IAuthRequest.swift */ = {isa = PBXFileReference; lastKnownFileType = sourcecode.swift; path = IAuthRequest.swift; sourceTree = "<group>"; };
		47572C692C91821200C622AB /* ITokenRequest.swift */ = {isa = PBXFileReference; lastKnownFileType = sourcecode.swift; path = ITokenRequest.swift; sourceTree = "<group>"; };
		47572C6C2C91825600C622AB /* LoginRequestBody.swift */ = {isa = PBXFileReference; lastKnownFileType = sourcecode.swift; path = LoginRequestBody.swift; sourceTree = "<group>"; };
		47572C6E2C91827E00C622AB /* RegisterRequestBody.swift */ = {isa = PBXFileReference; lastKnownFileType = sourcecode.swift; path = RegisterRequestBody.swift; sourceTree = "<group>"; };
		47572C712C9182EE00C622AB /* LoginRequest.swift */ = {isa = PBXFileReference; lastKnownFileType = sourcecode.swift; path = LoginRequest.swift; sourceTree = "<group>"; };
		47572C732C91865800C622AB /* RegisterRequest.swift */ = {isa = PBXFileReference; lastKnownFileType = sourcecode.swift; path = RegisterRequest.swift; sourceTree = "<group>"; };
		47572C762C918CA300C622AB /* HashableError.swift */ = {isa = PBXFileReference; lastKnownFileType = sourcecode.swift; path = HashableError.swift; sourceTree = "<group>"; };
		47572C782C91A64400C622AB /* RegisterViewModel.swift */ = {isa = PBXFileReference; lastKnownFileType = sourcecode.swift; path = RegisterViewModel.swift; sourceTree = "<group>"; };
		475A4F222C8DF9EC004AA093 /* MainView.swift */ = {isa = PBXFileReference; lastKnownFileType = sourcecode.swift; path = MainView.swift; sourceTree = "<group>"; };
		475AB2A22C922D460031020A /* ISettingBody.swift */ = {isa = PBXFileReference; lastKnownFileType = sourcecode.swift; path = ISettingBody.swift; sourceTree = "<group>"; };
		475AB2A42C922D880031020A /* SettingTextBody.swift */ = {isa = PBXFileReference; lastKnownFileType = sourcecode.swift; path = SettingTextBody.swift; sourceTree = "<group>"; };
		475AB2A62C922F920031020A /* SettingViewBody.swift */ = {isa = PBXFileReference; lastKnownFileType = sourcecode.swift; path = SettingViewBody.swift; sourceTree = "<group>"; };
		475AB2A82C92328B0031020A /* Setting.swift */ = {isa = PBXFileReference; lastKnownFileType = sourcecode.swift; path = Setting.swift; sourceTree = "<group>"; };
		475AB2AD2C9235F10031020A /* SettingView.swift */ = {isa = PBXFileReference; lastKnownFileType = sourcecode.swift; path = SettingView.swift; sourceTree = "<group>"; };
		475BD8D52C8D0DBC00D238EF /* GroupExpense.app */ = {isa = PBXFileReference; explicitFileType = wrapper.application; includeInIndex = 0; path = GroupExpense.app; sourceTree = BUILT_PRODUCTS_DIR; };
		475BD8D82C8D0DBC00D238EF /* GroupExpenseApp.swift */ = {isa = PBXFileReference; lastKnownFileType = sourcecode.swift; path = GroupExpenseApp.swift; sourceTree = "<group>"; };
		475BD8DC2C8D0DBE00D238EF /* Assets.xcassets */ = {isa = PBXFileReference; lastKnownFileType = folder.assetcatalog; path = Assets.xcassets; sourceTree = "<group>"; };
		475BD8DF2C8D0DBE00D238EF /* Preview Assets.xcassets */ = {isa = PBXFileReference; lastKnownFileType = folder.assetcatalog; path = "Preview Assets.xcassets"; sourceTree = "<group>"; };
		475BD8E92C8DDB7600D238EF /* BackgroundView.swift */ = {isa = PBXFileReference; lastKnownFileType = sourcecode.swift; path = BackgroundView.swift; sourceTree = "<group>"; };
		475BD8EB2C8DDDC400D238EF /* LoginView.swift */ = {isa = PBXFileReference; lastKnownFileType = sourcecode.swift; path = LoginView.swift; sourceTree = "<group>"; };
		475BD8ED2C8DDDF000D238EF /* RegisterView.swift */ = {isa = PBXFileReference; lastKnownFileType = sourcecode.swift; path = RegisterView.swift; sourceTree = "<group>"; };
		475BD8F02C8DEDE200D238EF /* KeychainHelper.swift */ = {isa = PBXFileReference; lastKnownFileType = sourcecode.swift; path = KeychainHelper.swift; sourceTree = "<group>"; };
		475BD8FE2C8DEFC300D238EF /* AuthResponse.swift */ = {isa = PBXFileReference; lastKnownFileType = sourcecode.swift; path = AuthResponse.swift; sourceTree = "<group>"; };
		475CEA0F2C8F84610069E9F2 /* LoginViewModel.swift */ = {isa = PBXFileReference; lastKnownFileType = sourcecode.swift; path = LoginViewModel.swift; sourceTree = "<group>"; };
		475CEA122C8F85080069E9F2 /* ApiErrorResponse.swift */ = {isa = PBXFileReference; lastKnownFileType = sourcecode.swift; path = ApiErrorResponse.swift; sourceTree = "<group>"; };
		476411CC2C90C48600D22B14 /* GroupExpenseRelease.entitlements */ = {isa = PBXFileReference; lastKnownFileType = text.plist.entitlements; path = GroupExpenseRelease.entitlements; sourceTree = "<group>"; };
		476411CD2C90E7A800D22B14 /* AuthenticationHelper.swift */ = {isa = PBXFileReference; lastKnownFileType = sourcecode.swift; path = AuthenticationHelper.swift; sourceTree = "<group>"; };
		476411CF2C90EF0B00D22B14 /* RequestHelper.swift */ = {isa = PBXFileReference; lastKnownFileType = sourcecode.swift; path = RequestHelper.swift; sourceTree = "<group>"; };
		476411D12C90F10700D22B14 /* IApiResponse.swift */ = {isa = PBXFileReference; lastKnownFileType = sourcecode.swift; path = IApiResponse.swift; sourceTree = "<group>"; };
		47788F3E2C8DFD130013B1FA /* CustomTextField.swift */ = {isa = PBXFileReference; lastKnownFileType = sourcecode.swift; path = CustomTextField.swift; sourceTree = "<group>"; };
		47788F402C8DFDA80013B1FA /* CustomSecureField.swift */ = {isa = PBXFileReference; lastKnownFileType = sourcecode.swift; path = CustomSecureField.swift; sourceTree = "<group>"; };
		47788F5C2C8E107C0013B1FA /* en */ = {isa = PBXFileReference; lastKnownFileType = text.plist.strings; name = en; path = en.lproj/Localizable.strings; sourceTree = "<group>"; };
		47788F602C8E10900013B1FA /* de */ = {isa = PBXFileReference; lastKnownFileType = text.plist.strings; name = de; path = de.lproj/Localizable.strings; sourceTree = "<group>"; };
		4780CF952C91E59B00851196 /* RoutingView.swift */ = {isa = PBXFileReference; lastKnownFileType = sourcecode.swift; path = RoutingView.swift; sourceTree = "<group>"; };
		4780CF992C91F0F800851196 /* SettingSectionView.swift */ = {isa = PBXFileReference; lastKnownFileType = sourcecode.swift; path = SettingSectionView.swift; sourceTree = "<group>"; };
		4780CF9B2C91F92F00851196 /* SectionSetting.swift */ = {isa = PBXFileReference; lastKnownFileType = sourcecode.swift; path = SectionSetting.swift; sourceTree = "<group>"; };
/* End PBXFileReference section */

/* Begin PBXFrameworksBuildPhase section */
		475BD8D22C8D0DBC00D238EF /* Frameworks */ = {
			isa = PBXFrameworksBuildPhase;
			buildActionMask = 2147483647;
			files = (
			);
			runOnlyForDeploymentPostprocessing = 0;
		};
/* End PBXFrameworksBuildPhase section */

/* Begin PBXGroup section */
		47572C6B2C91824400C622AB /* Bodies */ = {
			isa = PBXGroup;
			children = (
				47572C6C2C91825600C622AB /* LoginRequestBody.swift */,
				47572C6E2C91827E00C622AB /* RegisterRequestBody.swift */,
			);
			path = Bodies;
			sourceTree = "<group>";
		};
		47572C702C9182E200C622AB /* Requests */ = {
			isa = PBXGroup;
			children = (
				47572C712C9182EE00C622AB /* LoginRequest.swift */,
				47572C732C91865800C622AB /* RegisterRequest.swift */,
			);
			path = Requests;
			sourceTree = "<group>";
		};
		47572C752C918C9A00C622AB /* Models */ = {
			isa = PBXGroup;
			children = (
				475AB2A12C922D1A0031020A /* Setting */,
				47572C762C918CA300C622AB /* HashableError.swift */,
				4780CF9B2C91F92F00851196 /* SectionSetting.swift */,
			);
			path = Models;
			sourceTree = "<group>";
		};
		475A4F242C8DFA5A004AA093 /* ViewModels */ = {
			isa = PBXGroup;
			children = (
				475CEA0F2C8F84610069E9F2 /* LoginViewModel.swift */,
				47572C782C91A64400C622AB /* RegisterViewModel.swift */,
			);
			path = ViewModels;
			sourceTree = "<group>";
		};
		475AB2A12C922D1A0031020A /* Setting */ = {
			isa = PBXGroup;
			children = (
				475AB2A22C922D460031020A /* ISettingBody.swift */,
				475AB2A42C922D880031020A /* SettingTextBody.swift */,
				475AB2A62C922F920031020A /* SettingViewBody.swift */,
				475AB2A82C92328B0031020A /* Setting.swift */,
			);
			path = Setting;
			sourceTree = "<group>";
		};
		475AB2AA2C9235AE0031020A /* Settings */ = {
			isa = PBXGroup;
			children = (
				4780CF992C91F0F800851196 /* SettingSectionView.swift */,
				475AB2AD2C9235F10031020A /* SettingView.swift */,
				4780CF9F2C920FE400851196 /* SettingDestinationViews */,
			);
			path = Settings;
			sourceTree = "<group>";
		};
		475BD8CC2C8D0DBC00D238EF = {
			isa = PBXGroup;
			children = (
				475BD8D72C8D0DBC00D238EF /* GroupExpense */,
				475BD8D62C8D0DBC00D238EF /* Products */,
			);
			sourceTree = "<group>";
		};
		475BD8D62C8D0DBC00D238EF /* Products */ = {
			isa = PBXGroup;
			children = (
				475BD8D52C8D0DBC00D238EF /* GroupExpense.app */,
			);
			name = Products;
			sourceTree = "<group>";
		};
		475BD8D72C8D0DBC00D238EF /* GroupExpense */ = {
			isa = PBXGroup;
			children = (
				47572C752C918C9A00C622AB /* Models */,
				476411CC2C90C48600D22B14 /* GroupExpenseRelease.entitlements */,
				47788F522C8E0D920013B1FA /* Extensions */,
				475A4F242C8DFA5A004AA093 /* ViewModels */,
				475BD8F62C8DEEC300D238EF /* Authentication */,
				475BD8F22C8DEE0200D238EF /* Framework */,
				475BD8EF2C8DEDCC00D238EF /* Helper */,
				475BD8E82C8DDB5900D238EF /* Views */,
				475BD8D82C8D0DBC00D238EF /* GroupExpenseApp.swift */,
				475BD8DC2C8D0DBE00D238EF /* Assets.xcassets */,
				475BD8DE2C8D0DBE00D238EF /* Preview Content */,
				47788F5F2C8E10900013B1FA /* Localizable.strings */,
				47788F5D2C8E107C0013B1FA /* Localizable.strings */,
			);
			path = GroupExpense;
			sourceTree = "<group>";
		};
		475BD8DE2C8D0DBE00D238EF /* Preview Content */ = {
			isa = PBXGroup;
			children = (
				475BD8DF2C8D0DBE00D238EF /* Preview Assets.xcassets */,
			);
			path = "Preview Content";
			sourceTree = "<group>";
		};
		475BD8E82C8DDB5900D238EF /* Views */ = {
			isa = PBXGroup;
			children = (
				47A0C33E2C9362E400692C9E /* Groups */,
				475AB2AA2C9235AE0031020A /* Settings */,
				47788F3A2C8DFCEA0013B1FA /* CustomViews */,
				475BD8EB2C8DDDC400D238EF /* LoginView.swift */,
				475BD8ED2C8DDDF000D238EF /* RegisterView.swift */,
				475A4F222C8DF9EC004AA093 /* MainView.swift */,
				4780CF952C91E59B00851196 /* RoutingView.swift */,
			);
			path = Views;
			sourceTree = "<group>";
		};
		475BD8EF2C8DEDCC00D238EF /* Helper */ = {
			isa = PBXGroup;
			children = (
				475BD8F02C8DEDE200D238EF /* KeychainHelper.swift */,
				476411CD2C90E7A800D22B14 /* AuthenticationHelper.swift */,
				476411CF2C90EF0B00D22B14 /* RequestHelper.swift */,
			);
			path = Helper;
			sourceTree = "<group>";
		};
		475BD8F22C8DEE0200D238EF /* Framework */ = {
			isa = PBXGroup;
			children = (
				475CEA112C8F84F80069E9F2 /* Response */,
				475BD8F32C8DEE0900D238EF /* Request */,
			);
			path = Framework;
			sourceTree = "<group>";
		};
		475BD8F32C8DEE0900D238EF /* Request */ = {
			isa = PBXGroup;
			children = (
				47572C612C9180C600C622AB /* IApiRequest.swift */,
				47572C632C9180EA00C622AB /* IApiRequestBody.swift */,
				47572C672C9181FD00C622AB /* IAuthRequest.swift */,
				47572C692C91821200C622AB /* ITokenRequest.swift */,
			);
			path = Request;
			sourceTree = "<group>";
		};
		475BD8F62C8DEEC300D238EF /* Authentication */ = {
			isa = PBXGroup;
			children = (
				47572C702C9182E200C622AB /* Requests */,
				47572C6B2C91824400C622AB /* Bodies */,
				475BD8FE2C8DEFC300D238EF /* AuthResponse.swift */,
			);
			path = Authentication;
			sourceTree = "<group>";
		};
		475CEA112C8F84F80069E9F2 /* Response */ = {
			isa = PBXGroup;
			children = (
				475CEA122C8F85080069E9F2 /* ApiErrorResponse.swift */,
				476411D12C90F10700D22B14 /* IApiResponse.swift */,
			);
			path = Response;
			sourceTree = "<group>";
		};
		47788F3A2C8DFCEA0013B1FA /* CustomViews */ = {
			isa = PBXGroup;
			children = (
				475BD8E92C8DDB7600D238EF /* BackgroundView.swift */,
				47788F3E2C8DFD130013B1FA /* CustomTextField.swift */,
				47788F402C8DFDA80013B1FA /* CustomSecureField.swift */,
				47572C5D2C917EC500C622AB /* LoadingView.swift */,
			);
			path = CustomViews;
			sourceTree = "<group>";
		};
		47788F522C8E0D920013B1FA /* Extensions */ = {
			isa = PBXGroup;
			children = (
			);
			path = Extensions;
			sourceTree = "<group>";
		};
		4780CF9F2C920FE400851196 /* SettingDestinationViews */ = {
			isa = PBXGroup;
			children = (
			);
			path = SettingDestinationViews;
			sourceTree = "<group>";
		};
		47A0C33E2C9362E400692C9E /* Groups */ = {
			isa = PBXGroup;
			children = (
			);
			path = Groups;
			sourceTree = "<group>";
		};
/* End PBXGroup section */

/* Begin PBXNativeTarget section */
		475BD8D42C8D0DBC00D238EF /* GroupExpense */ = {
			isa = PBXNativeTarget;
			buildConfigurationList = 475BD8E32C8D0DBE00D238EF /* Build configuration list for PBXNativeTarget "GroupExpense" */;
			buildPhases = (
				475BD8D12C8D0DBC00D238EF /* Sources */,
				475BD8D22C8D0DBC00D238EF /* Frameworks */,
				475BD8D32C8D0DBC00D238EF /* Resources */,
			);
			buildRules = (
			);
			dependencies = (
			);
			name = GroupExpense;
			productName = GroupExpense;
			productReference = 475BD8D52C8D0DBC00D238EF /* GroupExpense.app */;
			productType = "com.apple.product-type.application";
		};
/* End PBXNativeTarget section */

/* Begin PBXProject section */
		475BD8CD2C8D0DBC00D238EF /* Project object */ = {
			isa = PBXProject;
			attributes = {
				BuildIndependentTargetsInParallel = 1;
				LastSwiftUpdateCheck = 1540;
				LastUpgradeCheck = 1540;
				TargetAttributes = {
					475BD8D42C8D0DBC00D238EF = {
						CreatedOnToolsVersion = 15.4;
					};
				};
			};
			buildConfigurationList = 475BD8D02C8D0DBC00D238EF /* Build configuration list for PBXProject "GroupExpense" */;
			compatibilityVersion = "Xcode 14.0";
			developmentRegion = de;
			hasScannedForEncodings = 0;
			knownRegions = (
				en,
				Base,
				de,
			);
			mainGroup = 475BD8CC2C8D0DBC00D238EF;
			productRefGroup = 475BD8D62C8D0DBC00D238EF /* Products */;
			projectDirPath = "";
			projectRoot = "";
			targets = (
				475BD8D42C8D0DBC00D238EF /* GroupExpense */,
			);
		};
/* End PBXProject section */

/* Begin PBXResourcesBuildPhase section */
		475BD8D32C8D0DBC00D238EF /* Resources */ = {
			isa = PBXResourcesBuildPhase;
			buildActionMask = 2147483647;
			files = (
				475BD8E02C8D0DBE00D238EF /* Preview Assets.xcassets in Resources */,
				47788F612C8E10900013B1FA /* Localizable.strings in Resources */,
				47788F5E2C8E107C0013B1FA /* Localizable.strings in Resources */,
				475BD8DD2C8D0DBE00D238EF /* Assets.xcassets in Resources */,
			);
			runOnlyForDeploymentPostprocessing = 0;
		};
/* End PBXResourcesBuildPhase section */

/* Begin PBXSourcesBuildPhase section */
		475BD8D12C8D0DBC00D238EF /* Sources */ = {
			isa = PBXSourcesBuildPhase;
			buildActionMask = 2147483647;
			files = (
				476411D22C90F10700D22B14 /* IApiResponse.swift in Sources */,
				47572C792C91A64400C622AB /* RegisterViewModel.swift in Sources */,
				475BD8F12C8DEDE300D238EF /* KeychainHelper.swift in Sources */,
				475BD8EE2C8DDDF000D238EF /* RegisterView.swift in Sources */,
				475AB2AE2C9235F10031020A /* SettingView.swift in Sources */,
				476411D02C90EF0B00D22B14 /* RequestHelper.swift in Sources */,
				47572C682C9181FD00C622AB /* IAuthRequest.swift in Sources */,
				475A4F232C8DF9EC004AA093 /* MainView.swift in Sources */,
				475AB2A32C922D460031020A /* ISettingBody.swift in Sources */,
				47572C642C9180EA00C622AB /* IApiRequestBody.swift in Sources */,
				47572C6F2C91827E00C622AB /* RegisterRequestBody.swift in Sources */,
				475CEA132C8F85080069E9F2 /* ApiErrorResponse.swift in Sources */,
				4780CF9C2C91F92F00851196 /* SectionSetting.swift in Sources */,
				475BD8EA2C8DDB7600D238EF /* BackgroundView.swift in Sources */,
				475BD8EC2C8DDDC400D238EF /* LoginView.swift in Sources */,
				47572C742C91865800C622AB /* RegisterRequest.swift in Sources */,
				47572C6D2C91825600C622AB /* LoginRequestBody.swift in Sources */,
				475CEA102C8F84610069E9F2 /* LoginViewModel.swift in Sources */,
				475AB2A52C922D880031020A /* SettingTextBody.swift in Sources */,
				47572C6A2C91821200C622AB /* ITokenRequest.swift in Sources */,
				47572C722C9182EE00C622AB /* LoginRequest.swift in Sources */,
				47572C772C918CA300C622AB /* HashableError.swift in Sources */,
				475BD8FF2C8DEFC300D238EF /* AuthResponse.swift in Sources */,
				47788F412C8DFDA80013B1FA /* CustomSecureField.swift in Sources */,
				47572C622C9180C600C622AB /* IApiRequest.swift in Sources */,
				4780CF9A2C91F0F800851196 /* SettingSectionView.swift in Sources */,
				476411CE2C90E7A800D22B14 /* AuthenticationHelper.swift in Sources */,
				4780CF962C91E59B00851196 /* RoutingView.swift in Sources */,
				475AB2A72C922F920031020A /* SettingViewBody.swift in Sources */,
				475AB2A92C92328B0031020A /* Setting.swift in Sources */,
				47788F3F2C8DFD130013B1FA /* CustomTextField.swift in Sources */,
				47572C5E2C917EC500C622AB /* LoadingView.swift in Sources */,
				475BD8D92C8D0DBC00D238EF /* GroupExpenseApp.swift in Sources */,
			);
			runOnlyForDeploymentPostprocessing = 0;
		};
/* End PBXSourcesBuildPhase section */

/* Begin PBXVariantGroup section */
		47788F5D2C8E107C0013B1FA /* Localizable.strings */ = {
			isa = PBXVariantGroup;
			children = (
				47788F5C2C8E107C0013B1FA /* en */,
			);
			name = Localizable.strings;
			sourceTree = "<group>";
		};
		47788F5F2C8E10900013B1FA /* Localizable.strings */ = {
			isa = PBXVariantGroup;
			children = (
				47788F602C8E10900013B1FA /* de */,
			);
			name = Localizable.strings;
			sourceTree = "<group>";
		};
/* End PBXVariantGroup section */

/* Begin XCBuildConfiguration section */
		475BD8E12C8D0DBE00D238EF /* Debug */ = {
			isa = XCBuildConfiguration;
			buildSettings = {
				ALWAYS_SEARCH_USER_PATHS = NO;
				ASSETCATALOG_COMPILER_GENERATE_SWIFT_ASSET_SYMBOL_EXTENSIONS = YES;
				CLANG_ANALYZER_NONNULL = YES;
				CLANG_ANALYZER_NUMBER_OBJECT_CONVERSION = YES_AGGRESSIVE;
				CLANG_CXX_LANGUAGE_STANDARD = "gnu++20";
				CLANG_ENABLE_MODULES = YES;
				CLANG_ENABLE_OBJC_ARC = YES;
				CLANG_ENABLE_OBJC_WEAK = YES;
				CLANG_WARN_BLOCK_CAPTURE_AUTORELEASING = YES;
				CLANG_WARN_BOOL_CONVERSION = YES;
				CLANG_WARN_COMMA = YES;
				CLANG_WARN_CONSTANT_CONVERSION = YES;
				CLANG_WARN_DEPRECATED_OBJC_IMPLEMENTATIONS = YES;
				CLANG_WARN_DIRECT_OBJC_ISA_USAGE = YES_ERROR;
				CLANG_WARN_DOCUMENTATION_COMMENTS = YES;
				CLANG_WARN_EMPTY_BODY = YES;
				CLANG_WARN_ENUM_CONVERSION = YES;
				CLANG_WARN_INFINITE_RECURSION = YES;
				CLANG_WARN_INT_CONVERSION = YES;
				CLANG_WARN_NON_LITERAL_NULL_CONVERSION = YES;
				CLANG_WARN_OBJC_IMPLICIT_RETAIN_SELF = YES;
				CLANG_WARN_OBJC_LITERAL_CONVERSION = YES;
				CLANG_WARN_OBJC_ROOT_CLASS = YES_ERROR;
				CLANG_WARN_QUOTED_INCLUDE_IN_FRAMEWORK_HEADER = YES;
				CLANG_WARN_RANGE_LOOP_ANALYSIS = YES;
				CLANG_WARN_STRICT_PROTOTYPES = YES;
				CLANG_WARN_SUSPICIOUS_MOVE = YES;
				CLANG_WARN_UNGUARDED_AVAILABILITY = YES_AGGRESSIVE;
				CLANG_WARN_UNREACHABLE_CODE = YES;
				CLANG_WARN__DUPLICATE_METHOD_MATCH = YES;
				COPY_PHASE_STRIP = NO;
				DEBUG_INFORMATION_FORMAT = dwarf;
				ENABLE_STRICT_OBJC_MSGSEND = YES;
				ENABLE_TESTABILITY = YES;
				ENABLE_USER_SCRIPT_SANDBOXING = YES;
				GCC_C_LANGUAGE_STANDARD = gnu17;
				GCC_DYNAMIC_NO_PIC = NO;
				GCC_NO_COMMON_BLOCKS = YES;
				GCC_OPTIMIZATION_LEVEL = 0;
				GCC_PREPROCESSOR_DEFINITIONS = (
					"DEBUG=1",
					"$(inherited)",
				);
				GCC_WARN_64_TO_32_BIT_CONVERSION = YES;
				GCC_WARN_ABOUT_RETURN_TYPE = YES_ERROR;
				GCC_WARN_UNDECLARED_SELECTOR = YES;
				GCC_WARN_UNINITIALIZED_AUTOS = YES_AGGRESSIVE;
				GCC_WARN_UNUSED_FUNCTION = YES;
				GCC_WARN_UNUSED_VARIABLE = YES;
				IPHONEOS_DEPLOYMENT_TARGET = 17.5;
				LOCALIZATION_PREFERS_STRING_CATALOGS = YES;
				MTL_ENABLE_DEBUG_INFO = INCLUDE_SOURCE;
				MTL_FAST_MATH = YES;
				ONLY_ACTIVE_ARCH = YES;
				SDKROOT = iphoneos;
				SWIFT_ACTIVE_COMPILATION_CONDITIONS = "DEBUG $(inherited)";
				SWIFT_OPTIMIZATION_LEVEL = "-Onone";
			};
			name = Debug;
		};
		475BD8E22C8D0DBE00D238EF /* Release */ = {
			isa = XCBuildConfiguration;
			buildSettings = {
				ALWAYS_SEARCH_USER_PATHS = NO;
				ASSETCATALOG_COMPILER_GENERATE_SWIFT_ASSET_SYMBOL_EXTENSIONS = YES;
				CLANG_ANALYZER_NONNULL = YES;
				CLANG_ANALYZER_NUMBER_OBJECT_CONVERSION = YES_AGGRESSIVE;
				CLANG_CXX_LANGUAGE_STANDARD = "gnu++20";
				CLANG_ENABLE_MODULES = YES;
				CLANG_ENABLE_OBJC_ARC = YES;
				CLANG_ENABLE_OBJC_WEAK = YES;
				CLANG_WARN_BLOCK_CAPTURE_AUTORELEASING = YES;
				CLANG_WARN_BOOL_CONVERSION = YES;
				CLANG_WARN_COMMA = YES;
				CLANG_WARN_CONSTANT_CONVERSION = YES;
				CLANG_WARN_DEPRECATED_OBJC_IMPLEMENTATIONS = YES;
				CLANG_WARN_DIRECT_OBJC_ISA_USAGE = YES_ERROR;
				CLANG_WARN_DOCUMENTATION_COMMENTS = YES;
				CLANG_WARN_EMPTY_BODY = YES;
				CLANG_WARN_ENUM_CONVERSION = YES;
				CLANG_WARN_INFINITE_RECURSION = YES;
				CLANG_WARN_INT_CONVERSION = YES;
				CLANG_WARN_NON_LITERAL_NULL_CONVERSION = YES;
				CLANG_WARN_OBJC_IMPLICIT_RETAIN_SELF = YES;
				CLANG_WARN_OBJC_LITERAL_CONVERSION = YES;
				CLANG_WARN_OBJC_ROOT_CLASS = YES_ERROR;
				CLANG_WARN_QUOTED_INCLUDE_IN_FRAMEWORK_HEADER = YES;
				CLANG_WARN_RANGE_LOOP_ANALYSIS = YES;
				CLANG_WARN_STRICT_PROTOTYPES = YES;
				CLANG_WARN_SUSPICIOUS_MOVE = YES;
				CLANG_WARN_UNGUARDED_AVAILABILITY = YES_AGGRESSIVE;
				CLANG_WARN_UNREACHABLE_CODE = YES;
				CLANG_WARN__DUPLICATE_METHOD_MATCH = YES;
				COPY_PHASE_STRIP = NO;
				DEBUG_INFORMATION_FORMAT = "dwarf-with-dsym";
				ENABLE_NS_ASSERTIONS = NO;
				ENABLE_STRICT_OBJC_MSGSEND = YES;
				ENABLE_USER_SCRIPT_SANDBOXING = YES;
				GCC_C_LANGUAGE_STANDARD = gnu17;
				GCC_NO_COMMON_BLOCKS = YES;
				GCC_WARN_64_TO_32_BIT_CONVERSION = YES;
				GCC_WARN_ABOUT_RETURN_TYPE = YES_ERROR;
				GCC_WARN_UNDECLARED_SELECTOR = YES;
				GCC_WARN_UNINITIALIZED_AUTOS = YES_AGGRESSIVE;
				GCC_WARN_UNUSED_FUNCTION = YES;
				GCC_WARN_UNUSED_VARIABLE = YES;
				IPHONEOS_DEPLOYMENT_TARGET = 17.5;
				LOCALIZATION_PREFERS_STRING_CATALOGS = YES;
				MTL_ENABLE_DEBUG_INFO = NO;
				MTL_FAST_MATH = YES;
				SDKROOT = iphoneos;
				SWIFT_COMPILATION_MODE = wholemodule;
				VALIDATE_PRODUCT = YES;
			};
			name = Release;
		};
		475BD8E42C8D0DBE00D238EF /* Debug */ = {
			isa = XCBuildConfiguration;
			buildSettings = {
				ASSETCATALOG_COMPILER_APPICON_NAME = AppIcon;
				ASSETCATALOG_COMPILER_GLOBAL_ACCENT_COLOR_NAME = AccentColor;
				CODE_SIGN_STYLE = Automatic;
				CURRENT_PROJECT_VERSION = 1;
				DEVELOPMENT_ASSET_PATHS = "\"GroupExpense/Preview Content\"";
				DEVELOPMENT_TEAM = 7U98KK29GZ;
				ENABLE_PREVIEWS = YES;
				GENERATE_INFOPLIST_FILE = YES;
				INFOPLIST_KEY_UIApplicationSceneManifest_Generation = YES;
				INFOPLIST_KEY_UIApplicationSupportsIndirectInputEvents = YES;
				INFOPLIST_KEY_UILaunchScreen_Generation = YES;
				INFOPLIST_KEY_UISupportedInterfaceOrientations_iPad = "UIInterfaceOrientationPortrait UIInterfaceOrientationPortraitUpsideDown UIInterfaceOrientationLandscapeLeft UIInterfaceOrientationLandscapeRight";
				INFOPLIST_KEY_UISupportedInterfaceOrientations_iPhone = "UIInterfaceOrientationPortrait UIInterfaceOrientationLandscapeLeft UIInterfaceOrientationLandscapeRight";
				LD_RUNPATH_SEARCH_PATHS = (
					"$(inherited)",
					"@executable_path/Frameworks",
				);
				MARKETING_VERSION = 1.0;
				PRODUCT_BUNDLE_IDENTIFIER = de.jhoerich.GroupExpense;
				PRODUCT_NAME = "$(TARGET_NAME)";
				SWIFT_EMIT_LOC_STRINGS = YES;
				SWIFT_VERSION = 5.0;
				TARGETED_DEVICE_FAMILY = "1,2";
			};
			name = Debug;
		};
		475BD8E52C8D0DBE00D238EF /* Release */ = {
			isa = XCBuildConfiguration;
			buildSettings = {
				ASSETCATALOG_COMPILER_APPICON_NAME = AppIcon;
				ASSETCATALOG_COMPILER_GLOBAL_ACCENT_COLOR_NAME = AccentColor;
				CODE_SIGN_ENTITLEMENTS = GroupExpense/GroupExpenseRelease.entitlements;
				CODE_SIGN_STYLE = Automatic;
				CURRENT_PROJECT_VERSION = 1;
				DEVELOPMENT_ASSET_PATHS = "\"GroupExpense/Preview Content\"";
				DEVELOPMENT_TEAM = 7U98KK29GZ;
				ENABLE_PREVIEWS = YES;
				GENERATE_INFOPLIST_FILE = YES;
				INFOPLIST_KEY_UIApplicationSceneManifest_Generation = YES;
				INFOPLIST_KEY_UIApplicationSupportsIndirectInputEvents = YES;
				INFOPLIST_KEY_UILaunchScreen_Generation = YES;
				INFOPLIST_KEY_UISupportedInterfaceOrientations_iPad = "UIInterfaceOrientationPortrait UIInterfaceOrientationPortraitUpsideDown UIInterfaceOrientationLandscapeLeft UIInterfaceOrientationLandscapeRight";
				INFOPLIST_KEY_UISupportedInterfaceOrientations_iPhone = "UIInterfaceOrientationPortrait UIInterfaceOrientationLandscapeLeft UIInterfaceOrientationLandscapeRight";
				LD_RUNPATH_SEARCH_PATHS = (
					"$(inherited)",
					"@executable_path/Frameworks",
				);
				MARKETING_VERSION = 1.0;
				PRODUCT_BUNDLE_IDENTIFIER = de.jhoerich.GroupExpense;
				PRODUCT_NAME = "$(TARGET_NAME)";
				SWIFT_EMIT_LOC_STRINGS = YES;
				SWIFT_VERSION = 5.0;
				TARGETED_DEVICE_FAMILY = "1,2";
			};
			name = Release;
		};
/* End XCBuildConfiguration section */

/* Begin XCConfigurationList section */
		475BD8D02C8D0DBC00D238EF /* Build configuration list for PBXProject "GroupExpense" */ = {
			isa = XCConfigurationList;
			buildConfigurations = (
				475BD8E12C8D0DBE00D238EF /* Debug */,
				475BD8E22C8D0DBE00D238EF /* Release */,
			);
			defaultConfigurationIsVisible = 0;
			defaultConfigurationName = Release;
		};
		475BD8E32C8D0DBE00D238EF /* Build configuration list for PBXNativeTarget "GroupExpense" */ = {
			isa = XCConfigurationList;
			buildConfigurations = (
				475BD8E42C8D0DBE00D238EF /* Debug */,
				475BD8E52C8D0DBE00D238EF /* Release */,
			);
			defaultConfigurationIsVisible = 0;
			defaultConfigurationName = Release;
		};
/* End XCConfigurationList section */
	};
	rootObject = 475BD8CD2C8D0DBC00D238EF /* Project object */;
}
